
Microsoft Visual Studio Solution File, Format Version 12.00
# Visual Studio Version 17
VisualStudioVersion = 17.12.35707.178 d17.12
MinimumVisualStudioVersion = 10.0.40219.1
Project("{FAE04EC0-301F-11D3-BF4B-00C04F79EFBC}") = "ConsumerLib", "ConsumerLib\ConsumerLib.csproj", "{442FD0B8-6E88-4084-80E7-7B2BF17F44A5}"
EndProject
Global
	GlobalSection(SolutionConfigurationPlatforms) = preSolution
		Debug|Any CPU = Debug|Any CPU
		Release|Any CPU = Release|Any CPU
	EndGlobalSection
	GlobalSection(ProjectConfigurationPlatforms) = postSolution
		{442FD0B8-6E88-4084-80E7-7B2BF17F44A5}.Debug|Any CPU.ActiveCfg = Debug|Any CPU
		{442FD0B8-6E88-4084-80E7-7B2BF17F44A5}.Debug|Any CPU.Build.0 = Debug|Any CPU
		{442FD0B8-6E88-4084-80E7-7B2BF17F44A5}.Release|Any CPU.ActiveCfg = Release|Any CPU
		{442FD0B8-6E88-4084-80E7-7B2BF17F44A5}.Release|Any CPU.Build.0 = Release|Any CPU
	EndGlobalSection
	GlobalSection(SolutionProperties) = preSolution
		HideSolutionNode = FALSE
	EndGlobalSection
EndGlobal
